<?xml version="1.0" encoding="utf-8"?>
<Project ToolsVersion="4.0" xmlns="http://schemas.microsoft.com/developer/msbuild/2003">
  <ItemGroup>
    <Filter Include="Sources">
      <UniqueIdentifier>{4FC737F1-C7A5-4376-A066-2A32D752A2FF}</UniqueIdentifier>
      <Extensions>cpp;c;cc;cxx;c++;cppm;ixx;def;odl;idl;hpj;bat;asm;asmx</Extensions>
    </Filter>
  </ItemGroup>
  <ItemGroup>
    <ClCompile Include="GameMain.cpp">
      <Filter>Sources</Filter>
    </ClCompile>
    <ClCompile Include="DeveloperLevel.cpp">
      <Filter>Sources</Filter>
    </ClCompile>
    <ClCompile Include="Player.cpp">
      <Filter>Sources</Filter>
    </ClCompile>
    <ClCompile Include="Music.cpp">
      <Filter>Sources</Filter>
    </ClCompile>
    <ClCompile Include="CharacterFactory.cpp">
      <Filter>Sources</Filter>
    </ClCompile>
    <ClCompile Include="Enemy.cpp">
      <Filter>Sources</Filter>
    </ClCompile>
    <ClCompile Include="EnemyAttackComponent.cpp">
      <Filter>Sources</Filter>
    </ClCompile>
    <ClCompile Include="PlayerAttackComponent.cpp">
      <Filter>Sources</Filter>
    </ClCompile>
    <ClCompile Include="PlayerLoadoutComponent.cpp">
      <Filter>Sources</Filter>
    </ClCompile>
    <ClCompile Include="PlayerRollComponent.cpp">
      <Filter>Sources</Filter>
    </ClCompile>
    <ClCompile Include="StowedWeaponComponent.cpp">
      <Filter>Sources</Filter>
    </ClCompile>
    <ClCompile Include="Projectile.cpp">
      <Filter>Sources</Filter>
    </ClCompile>
    <ClCompile Include="ReloadIndicatorComponent.cpp">
      <Filter>Sources</Filter>
    </ClCompile>
    <ClCompile Include="AreaDamage.cpp">
      <Filter>Sources</Filter>
    </ClCompile>
    <ClCompile Include="FactionComponent.cpp">
      <Filter>Sources</Filter>
    </ClCompile>
    <ClCompile Include="ChaseComponent.cpp">
      <Filter>Sources</Filter>
    </ClCompile>
    <ClCompile Include="AmmoPouchComponent.cpp">
      <Filter>Sources</Filter>
    </ClCompile>
    <ClCompile Include="HealthBarComponent.cpp">
      <Filter>Sources</Filter>
    </ClCompile>
    <ClCompile Include="HealthComponent.cpp">
      <Filter>Sources</Filter>
    </ClCompile>
    <ClCompile Include="ProjectileComponent.cpp">
      <Filter>Sources</Filter>
    </ClCompile>
    <ClCompile Include="DodgeRollComponent.cpp">
      <Filter>Sources</Filter>
    </ClCompile>
    <ClCompile Include="ExplosiveComponent.cpp">
      <Filter>Sources</Filter>
    </ClCompile>
    <ClCompile Include="MeleeWeaponComponent.cpp">
      <Filter>Sources</Filter>
    </ClCompile>
    <ClCompile Include="WeaponComponent.cpp">
      <Filter>Sources</Filter>
    </ClCompile>
    <ClCompile Include="Crosshair.cpp">
      <Filter>Sources</Filter>
    </ClCompile>
    <ClCompile Include="Weapon.cpp">
      <Filter>Sources</Filter>
    </ClCompile>
    <ClCompile Include="WeaponLayerComponent.cpp">
      <Filter>Sources</Filter>
    </ClCompile>
    <ClCompile Include="WeaponSetup.cpp">
      <Filter>Sources</Filter>
    </ClCompile>
    <ClCompile Include="BloodPool.cpp">
      <Filter>Sources</Filter>
    </ClCompile>
    <ClCompile Include="Fx.cpp">
    <ClCompile Include="Particles.cpp" />
    <ClCompile Include="StaminaComponent.cpp" />
    <ClCompile Include="ItemCatalog.cpp" />
    <ClCompile Include="ItemCatalogLoader.cpp" />
    <ClCompile Include="Item.cpp" />
    <ClCompile Include="ItemPickupComponent.cpp" />
    <ClCompile Include="InventoryComponent.cpp" />
    <ClCompile Include="InteractionComponent.cpp" />
    <ClCompile Include="HudScreen.cpp" />
    <ClCompile Include="MessageScreen.cpp" />
    <ClCompile Include="PlayerHudBinderComponent.cpp" />
    <ClCompile Include="UiRoot.cpp" />
      <Filter>Sources</Filter>
    </ClCompile>
    <ClCompile Include="GameResources.cpp">
      <Filter>Sources</Filter>
    </ClCompile>
    <ClCompile Include="HitFlashComponent.cpp">
      <Filter>Sources</Filter>
    </ClCompile>
    <ClCompile Include="Wall.cpp">
      <Filter>Sources</Filter>
    </ClCompile>
    <ClCompile Include="LevelLoader.cpp">
      <Filter>Sources</Filter>
    </ClCompile>
    <ClCompile Include="Level.cpp">
      <Filter>Sources</Filter>
    </ClCompile>
    <ClCompile Include="LevelBuilder.cpp">
      <Filter>Sources</Filter>
    </ClCompile>
  </ItemGroup>
  <ItemGroup>
    <ClInclude Include="ReloadIndicatorComponent.h" />
    <ClInclude Include="AreaDamage.h" />
    <ClInclude Include="DamageInfo.h" />
    <ClInclude Include="ParticleCatalog.h" />
    <ClInclude Include="HudScreen.h" />
    <ClInclude Include="MessageScreen.h" />
    <ClInclude Include="PlayerHudBinderComponent.h" />
    <ClInclude Include="UiRoot.h" />
    <ClInclude Include="Particles.h" />
    <ClInclude Include="StaminaComponent.h" />
    <ClInclude Include="ItemDefinition.h" />
    <ClInclude Include="ItemCatalog.h" />
    <ClInclude Include="ItemCatalogLoader.h" />
    <ClInclude Include="Item.h" />
    <ClInclude Include="ItemPickupComponent.h" />
    <ClInclude Include="InventoryComponent.h" />
    <ClInclude Include="InteractionComponent.h" />
    <ClInclude Include="Faction.h" />
    <ClInclude Include="FactionComponent.h" />
    <ClInclude Include="ChaseComponent.h" />
    <ClInclude Include="AmmoPouchComponent.h" />
    <ClInclude Include="HealthBarComponent.h" />
    <ClInclude Include="HealthComponent.h" />
    <ClInclude Include="ProjectileComponent.h" />
    <ClInclude Include="DodgeRollComponent.h" />
    <ClInclude Include="ExplosiveComponent.h" />
    <ClInclude Include="MeleeWeaponComponent.h" />
    <ClInclude Include="WeaponComponent.h" />
    <ClInclude Include="BloodPool.h" />
    <ClInclude Include="Crosshair.h" />
    <ClInclude Include="Fx.h" />
    <ClInclude Include="GameResources.h" />
    <ClInclude Include="HitFlashComponent.h" />
    <ClInclude Include="SpriteAtlas.h" />
    <ClInclude Include="WeaponCatalog.h" />
    <ClInclude Include="WeaponLayerComponent.h" />
    <ClInclude Include="WeaponSetup.h" />
    <ClInclude Include="DeveloperLevel.h" />
    <ClInclude Include="CharacterFactory.h" />
    <ClInclude Include="Enemy.h" />
    <ClInclude Include="EnemyAttackComponent.h" />
    <ClInclude Include="EnemyCatalog.h" />
    <ClInclude Include="EnemyConfig.h" />
    <ClInclude Include="PlayerAttackComponent.h" />
    <ClInclude Include="PlayerLoadoutComponent.h" />
    <ClInclude Include="PlayerRollComponent.h" />
    <ClInclude Include="StowedWeaponComponent.h" />
    <ClInclude Include="Projectile.h" />
    <ClInclude Include="Weapon.h" />
    <ClInclude Include="GameSettings.h" />
    <ClInclude Include="Level.h" />
    <ClInclude Include="LevelBuilder.h" />
    <ClInclude Include="LevelData.h" />
    <ClInclude Include="LevelLoader.h" />
    <ClInclude Include="Wall.h" />
    <ClInclude Include="Music.h" />
    <ClInclude Include="Player.h" />
  </ItemGroup>
</Project>
