<?xml version="1.0" encoding="utf-8"?>
<Project ToolsVersion="4.0" xmlns="http://schemas.microsoft.com/developer/msbuild/2003">
  <ItemGroup>
    <Filter Include="Boss">
      <UniqueIdentifier>{a0000000-1111-2222-3333-444455550000}</UniqueIdentifier>
    </Filter>
    <Filter Include="Characters">
      <UniqueIdentifier>{a0001eef-1111-2222-3333-444455550001}</UniqueIdentifier>
    </Filter>
    <Filter Include="Core">
      <UniqueIdentifier>{a0003dde-1111-2222-3333-444455550002}</UniqueIdentifier>
    </Filter>
    <Filter Include="Enemies">
      <UniqueIdentifier>{a0005ccd-1111-2222-3333-444455550003}</UniqueIdentifier>
    </Filter>
    <Filter Include="Fx">
      <UniqueIdentifier>{a0007bbc-1111-2222-3333-444455550004}</UniqueIdentifier>
    </Filter>
    <Filter Include="Items">
      <UniqueIdentifier>{a0009aab-1111-2222-3333-444455550005}</UniqueIdentifier>
    </Filter>
    <Filter Include="Level">
      <UniqueIdentifier>{a000b99a-1111-2222-3333-444455550006}</UniqueIdentifier>
    </Filter>
    <Filter Include="Player">
      <UniqueIdentifier>{a000d889-1111-2222-3333-444455550007}</UniqueIdentifier>
    </Filter>
    <Filter Include="Ui">
      <UniqueIdentifier>{a000f778-1111-2222-3333-444455550008}</UniqueIdentifier>
    </Filter>
    <Filter Include="Weapons">
      <UniqueIdentifier>{a0011667-1111-2222-3333-444455550009}</UniqueIdentifier>
    </Filter>
  </ItemGroup>
  <ItemGroup>
    <ClCompile Include="Characters\AmmoPouchComponent.cpp">
      <Filter>Characters</Filter>
    </ClCompile>
    <ClInclude Include="Characters\AmmoPouchComponent.h">
      <Filter>Characters</Filter>
    </ClInclude>
    <ClCompile Include="Weapons\AreaDamage.cpp">
      <Filter>Weapons</Filter>
    </ClCompile>
    <ClInclude Include="Weapons\AreaDamage.h">
      <Filter>Weapons</Filter>
    </ClInclude>
    <ClCompile Include="Fx\BloodPool.cpp">
      <Filter>Fx</Filter>
    </ClCompile>
    <ClInclude Include="Fx\BloodPool.h">
      <Filter>Fx</Filter>
    </ClInclude>
    <ClCompile Include="Boss\BossAnimationComponent.cpp">
      <Filter>Boss</Filter>
    </ClCompile>
    <ClInclude Include="Boss\BossAnimationComponent.h">
      <Filter>Boss</Filter>
    </ClInclude>
    <ClCompile Include="Boss\BossBrainComponent.cpp">
      <Filter>Boss</Filter>
    </ClCompile>
    <ClInclude Include="Boss\BossBrainComponent.h">
      <Filter>Boss</Filter>
    </ClInclude>
    <ClInclude Include="Boss\BossCatalog.h">
      <Filter>Boss</Filter>
    </ClInclude>
    <ClCompile Include="Boss\BossEffects.cpp">
      <Filter>Boss</Filter>
    </ClCompile>
    <ClInclude Include="Boss\BossEffects.h">
      <Filter>Boss</Filter>
    </ClInclude>
    <ClInclude Include="Boss\BossSpriteAtlas.h">
      <Filter>Boss</Filter>
    </ClInclude>
    <ClCompile Include="Boss\CastMark.cpp">
      <Filter>Boss</Filter>
    </ClCompile>
    <ClInclude Include="Boss\CastMark.h">
      <Filter>Boss</Filter>
    </ClInclude>
    <ClCompile Include="Characters\CharacterFactory.cpp">
      <Filter>Characters</Filter>
    </ClCompile>
    <ClInclude Include="Characters\CharacterFactory.h">
      <Filter>Characters</Filter>
    </ClInclude>
    <ClCompile Include="Enemies\ChaseComponent.cpp">
      <Filter>Enemies</Filter>
    </ClCompile>
    <ClInclude Include="Enemies\ChaseRules.h">
      <Filter>Enemies</Filter>
    </ClInclude>
    <ClInclude Include="Enemies\ChaseComponent.h">
      <Filter>Enemies</Filter>
    </ClInclude>
    <ClCompile Include="Items\ContainerComponent.cpp">
      <Filter>Items</Filter>
    </ClCompile>
    <ClInclude Include="Items\ContainerComponent.h">
      <Filter>Items</Filter>
    </ClInclude>
    <ClCompile Include="Ui\Crosshair.cpp">
      <Filter>Ui</Filter>
    </ClCompile>
    <ClInclude Include="Ui\Crosshair.h">
      <Filter>Ui</Filter>
    </ClInclude>
    <ClInclude Include="Core\DamageInfo.h">
      <Filter>Core</Filter>
    </ClInclude>
    <ClCompile Include="Level\DestructibleComponent.cpp">
      <Filter>Level</Filter>
    </ClCompile>
    <ClInclude Include="Level\DestructibleComponent.h">
      <Filter>Level</Filter>
    </ClInclude>
    <ClCompile Include="Level\DeveloperLevel.cpp">
      <Filter>Level</Filter>
    </ClCompile>
    <ClInclude Include="Level\DeveloperLevel.h">
      <Filter>Level</Filter>
    </ClInclude>
    <ClCompile Include="Characters\DodgeRollComponent.cpp">
      <Filter>Characters</Filter>
    </ClCompile>
    <ClInclude Include="Characters\DodgeRollComponent.h">
      <Filter>Characters</Filter>
    </ClInclude>
    <ClCompile Include="Enemies\Enemy.cpp">
      <Filter>Enemies</Filter>
    </ClCompile>
    <ClInclude Include="Enemies\Enemy.h">
      <Filter>Enemies</Filter>
    </ClInclude>
    <ClCompile Include="Enemies\EnemyAttackComponent.cpp">
      <Filter>Enemies</Filter>
    </ClCompile>
    <ClInclude Include="Enemies\EnemyAttackComponent.h">
      <Filter>Enemies</Filter>
    </ClInclude>
    <ClInclude Include="Enemies\EnemyCatalog.h">
      <Filter>Enemies</Filter>
    </ClInclude>
    <ClInclude Include="Enemies\EnemyConfig.h">
      <Filter>Enemies</Filter>
    </ClInclude>
    <ClCompile Include="Weapons\ExplosiveComponent.cpp">
      <Filter>Weapons</Filter>
    </ClCompile>
    <ClInclude Include="Weapons\ExplosiveComponent.h">
      <Filter>Weapons</Filter>
    </ClInclude>
    <ClInclude Include="Core\Faction.h">
      <Filter>Core</Filter>
    </ClInclude>
    <ClCompile Include="Core\FactionComponent.cpp">
      <Filter>Core</Filter>
    </ClCompile>
    <ClInclude Include="Core\FactionComponent.h">
      <Filter>Core</Filter>
    </ClInclude>
    <ClCompile Include="Ui\FadeScreen.cpp">
      <Filter>Ui</Filter>
    </ClCompile>
    <ClInclude Include="Ui\FadeScreen.h">
      <Filter>Ui</Filter>
    </ClInclude>
    <ClCompile Include="Fx\Fx.cpp">
      <Filter>Fx</Filter>
    </ClCompile>
    <ClInclude Include="Fx\Fx.h">
      <Filter>Fx</Filter>
    </ClInclude>
    <ClCompile Include="Core\GameMain.cpp">
      <Filter>Core</Filter>
    </ClCompile>
    <ClCompile Include="Core\GameResources.cpp">
      <Filter>Core</Filter>
    </ClCompile>
    <ClInclude Include="Core\GameResources.h">
      <Filter>Core</Filter>
    </ClInclude>
    <ClInclude Include="Core\GameSettings.h">
      <Filter>Core</Filter>
    </ClInclude>
    <ClCompile Include="Characters\HealthBarComponent.cpp">
      <Filter>Characters</Filter>
    </ClCompile>
    <ClInclude Include="Characters\HealthBarComponent.h">
      <Filter>Characters</Filter>
    </ClInclude>
    <ClCompile Include="Characters\HealthComponent.cpp">
      <Filter>Characters</Filter>
    </ClCompile>
    <ClInclude Include="Characters\HealthComponent.h">
      <Filter>Characters</Filter>
    </ClInclude>
    <ClCompile Include="Characters\HitFlashComponent.cpp">
      <Filter>Characters</Filter>
    </ClCompile>
    <ClInclude Include="Characters\HitFlashComponent.h">
      <Filter>Characters</Filter>
    </ClInclude>
    <ClCompile Include="Ui\HudScreen.cpp">
      <Filter>Ui</Filter>
    </ClCompile>
    <ClInclude Include="Ui\HudScreen.h">
      <Filter>Ui</Filter>
    </ClInclude>
    <ClCompile Include="Items\InteractableComponent.cpp">
      <Filter>Items</Filter>
    </ClCompile>
    <ClInclude Include="Items\InteractableComponent.h">
      <Filter>Items</Filter>
    </ClInclude>
    <ClCompile Include="Items\InteractionComponent.cpp">
      <Filter>Items</Filter>
    </ClCompile>
    <ClInclude Include="Items\InteractionComponent.h">
      <Filter>Items</Filter>
    </ClInclude>
    <ClCompile Include="Items\InventoryComponent.cpp">
      <Filter>Items</Filter>
    </ClCompile>
    <ClInclude Include="Items\InventoryComponent.h">
      <Filter>Items</Filter>
    </ClInclude>
    <ClCompile Include="Ui\InventoryScreen.cpp">
      <Filter>Ui</Filter>
    </ClCompile>
    <ClInclude Include="Ui\InventoryScreen.h">
      <Filter>Ui</Filter>
    </ClInclude>
    <ClCompile Include="Items\Item.cpp">
      <Filter>Items</Filter>
    </ClCompile>
    <ClInclude Include="Items\Item.h">
      <Filter>Items</Filter>
    </ClInclude>
    <ClCompile Include="Items\ItemCatalog.cpp">
      <Filter>Items</Filter>
    </ClCompile>
    <ClInclude Include="Items\ItemCatalog.h">
      <Filter>Items</Filter>
    </ClInclude>
    <ClCompile Include="Items\ItemCatalogLoader.cpp">
      <Filter>Items</Filter>
    </ClCompile>
    <ClInclude Include="Items\ItemCatalogLoader.h">
      <Filter>Items</Filter>
    </ClInclude>
    <ClInclude Include="Items\ItemDefinition.h">
      <Filter>Items</Filter>
    </ClInclude>
    <ClCompile Include="Items\ItemEffectComponent.cpp">
      <Filter>Items</Filter>
    </ClCompile>
    <ClInclude Include="Items\ItemEffectComponent.h">
      <Filter>Items</Filter>
    </ClInclude>
    <ClCompile Include="Items\ItemIconLayout.cpp">
      <Filter>Items</Filter>
    </ClCompile>
    <ClInclude Include="Items\ItemIconLayout.h">
      <Filter>Items</Filter>
    </ClInclude>
    <ClCompile Include="Items\ItemPickupComponent.cpp">
      <Filter>Items</Filter>
    </ClCompile>
    <ClInclude Include="Items\ItemPickupComponent.h">
      <Filter>Items</Filter>
    </ClInclude>
    <ClCompile Include="Level\Level.cpp">
      <Filter>Level</Filter>
    </ClCompile>
    <ClInclude Include="Level\Level.h">
      <Filter>Level</Filter>
    </ClInclude>
    <ClCompile Include="Level\LevelBuilder.cpp">
      <Filter>Level</Filter>
    </ClCompile>
    <ClInclude Include="Level\LevelBuilder.h">
      <Filter>Level</Filter>
    </ClInclude>
    <ClCompile Include="Level\LevelCatalog.cpp">
      <Filter>Level</Filter>
    </ClCompile>
    <ClInclude Include="Level\LevelCatalog.h">
      <Filter>Level</Filter>
    </ClInclude>
    <ClInclude Include="Level\LevelData.h">
      <Filter>Level</Filter>
    </ClInclude>
    <ClCompile Include="Level\LevelExit.cpp">
      <Filter>Level</Filter>
    </ClCompile>
    <ClInclude Include="Level\LevelExit.h">
      <Filter>Level</Filter>
    </ClInclude>
    <ClCompile Include="Level\LevelExitComponent.cpp">
      <Filter>Level</Filter>
    </ClCompile>
    <ClInclude Include="Level\LevelExitComponent.h">
      <Filter>Level</Filter>
    </ClInclude>
    <ClCompile Include="Level\LevelLoader.cpp">
      <Filter>Level</Filter>
    </ClCompile>
    <ClInclude Include="Level\LevelLoader.h">
      <Filter>Level</Filter>
    </ClInclude>
    <ClCompile Include="Level\LevelProgression.cpp">
      <Filter>Level</Filter>
    </ClCompile>
    <ClInclude Include="Level\LevelProgression.h">
      <Filter>Level</Filter>
    </ClInclude>
    <ClCompile Include="Items\LootCatalog.cpp">
      <Filter>Items</Filter>
    </ClCompile>
    <ClInclude Include="Items\LootCatalog.h">
      <Filter>Items</Filter>
    </ClInclude>
    <ClCompile Include="Items\LootDrop.cpp">
      <Filter>Items</Filter>
    </ClCompile>
    <ClInclude Include="Items\LootDrop.h">
      <Filter>Items</Filter>
    </ClInclude>
    <ClCompile Include="Weapons\MeleeWeaponComponent.cpp">
      <Filter>Weapons</Filter>
    </ClCompile>
    <ClInclude Include="Weapons\MeleeWeaponComponent.h">
      <Filter>Weapons</Filter>
    </ClInclude>
    <ClCompile Include="Ui\MessageScreen.cpp">
      <Filter>Ui</Filter>
    </ClCompile>
    <ClInclude Include="Ui\MessageScreen.h">
      <Filter>Ui</Filter>
    </ClInclude>
    <ClCompile Include="Fx\Music.cpp">
      <Filter>Fx</Filter>
    </ClCompile>
    <ClInclude Include="Fx\Music.h">
      <Filter>Fx</Filter>
    </ClInclude>
    <ClInclude Include="Fx\ParticleCatalog.h">
      <Filter>Fx</Filter>
    </ClInclude>
    <ClCompile Include="Fx\Particles.cpp">
      <Filter>Fx</Filter>
    </ClCompile>
    <ClInclude Include="Fx\Particles.h">
      <Filter>Fx</Filter>
    </ClInclude>
    <ClCompile Include="Player\Player.cpp">
      <Filter>Player</Filter>
    </ClCompile>
    <ClInclude Include="Player\Player.h">
      <Filter>Player</Filter>
    </ClInclude>
    <ClCompile Include="Player\PlayerAttackComponent.cpp">
      <Filter>Player</Filter>
    </ClCompile>
    <ClInclude Include="Player\PlayerAttackComponent.h">
      <Filter>Player</Filter>
    </ClInclude>
    <ClCompile Include="Player\PlayerHudBinderComponent.cpp">
      <Filter>Player</Filter>
    </ClCompile>
    <ClInclude Include="Player\PlayerHudBinderComponent.h">
      <Filter>Player</Filter>
    </ClInclude>
    <ClCompile Include="Player\PlayerLoadoutComponent.cpp">
      <Filter>Player</Filter>
    </ClCompile>
    <ClInclude Include="Player\PlayerLoadoutComponent.h">
      <Filter>Player</Filter>
    </ClInclude>
    <ClCompile Include="Player\PlayerRollComponent.cpp">
      <Filter>Player</Filter>
    </ClCompile>
    <ClInclude Include="Player\PlayerRollComponent.h">
      <Filter>Player</Filter>
    </ClInclude>
    <ClCompile Include="Weapons\Projectile.cpp">
      <Filter>Weapons</Filter>
    </ClCompile>
    <ClInclude Include="Weapons\Projectile.h">
      <Filter>Weapons</Filter>
    </ClInclude>
    <ClCompile Include="Weapons\ProjectileComponent.cpp">
      <Filter>Weapons</Filter>
    </ClCompile>
    <ClInclude Include="Weapons\ProjectileComponent.h">
      <Filter>Weapons</Filter>
    </ClInclude>
    <ClCompile Include="Level\Prop.cpp">
      <Filter>Level</Filter>
    </ClCompile>
    <ClInclude Include="Level\Prop.h">
      <Filter>Level</Filter>
    </ClInclude>
    <ClCompile Include="Level\PropCatalog.cpp">
      <Filter>Level</Filter>
    </ClCompile>
    <ClInclude Include="Level\PropCatalog.h">
      <Filter>Level</Filter>
    </ClInclude>
    <ClCompile Include="Level\PropVisualComponent.cpp">
      <Filter>Level</Filter>
    </ClCompile>
    <ClInclude Include="Level\PropVisualComponent.h">
      <Filter>Level</Filter>
    </ClInclude>
    <ClCompile Include="Weapons\ReloadIndicatorComponent.cpp">
      <Filter>Weapons</Filter>
    </ClCompile>
    <ClInclude Include="Weapons\ReloadIndicatorComponent.h">
      <Filter>Weapons</Filter>
    </ClInclude>
    <ClInclude Include="Characters\SpriteAtlas.h">
      <Filter>Characters</Filter>
    </ClInclude>
    <ClCompile Include="Characters\StaminaComponent.cpp">
      <Filter>Characters</Filter>
    </ClCompile>
    <ClInclude Include="Characters\StaminaComponent.h">
      <Filter>Characters</Filter>
    </ClInclude>
    <ClCompile Include="Weapons\StowedWeaponComponent.cpp">
      <Filter>Weapons</Filter>
    </ClCompile>
    <ClInclude Include="Weapons\StowedWeaponComponent.h">
      <Filter>Weapons</Filter>
    </ClInclude>
    <ClInclude Include="Level\TileAtlas.h">
      <Filter>Level</Filter>
    </ClInclude>
    <ClCompile Include="Ui\UiRoot.cpp">
      <Filter>Ui</Filter>
    </ClCompile>
    <ClInclude Include="Ui\UiRoot.h">
      <Filter>Ui</Filter>
    </ClInclude>
    <ClCompile Include="Level\Wall.cpp">
      <Filter>Level</Filter>
    </ClCompile>
    <ClInclude Include="Level\Wall.h">
      <Filter>Level</Filter>
    </ClInclude>
    <ClCompile Include="Weapons\Weapon.cpp">
      <Filter>Weapons</Filter>
    </ClCompile>
    <ClInclude Include="Weapons\Weapon.h">
      <Filter>Weapons</Filter>
    </ClInclude>
    <ClInclude Include="Weapons\WeaponCatalog.h">
      <Filter>Weapons</Filter>
    </ClInclude>
    <ClCompile Include="Weapons\WeaponComponent.cpp">
      <Filter>Weapons</Filter>
    </ClCompile>
    <ClInclude Include="Weapons\WeaponComponent.h">
      <Filter>Weapons</Filter>
    </ClInclude>
    <ClCompile Include="Weapons\WeaponLayerComponent.cpp">
      <Filter>Weapons</Filter>
    </ClCompile>
    <ClInclude Include="Weapons\WeaponLayerComponent.h">
      <Filter>Weapons</Filter>
    </ClInclude>
    <ClCompile Include="Weapons\WeaponSetup.cpp">
      <Filter>Weapons</Filter>
    </ClCompile>
    <ClInclude Include="Weapons\WeaponSetup.h">
      <Filter>Weapons</Filter>
    </ClInclude>
  </ItemGroup>
</Project>
