<?xml version="1.0" encoding="utf-8"?>
<Project ToolsVersion="4.0" xmlns="http://schemas.microsoft.com/developer/msbuild/2003">
  <ItemGroup>
    <Filter Include="Animation">
      <UniqueIdentifier>{b0000000-aaaa-bbbb-cccc-dddd00000000}</UniqueIdentifier>
    </Filter>
    <Filter Include="Audio">
      <UniqueIdentifier>{b000187f-aaaa-bbbb-cccc-dddd00000001}</UniqueIdentifier>
    </Filter>
    <Filter Include="Core">
      <UniqueIdentifier>{b00030fe-aaaa-bbbb-cccc-dddd00000002}</UniqueIdentifier>
    </Filter>
    <Filter Include="Input">
      <UniqueIdentifier>{b000497d-aaaa-bbbb-cccc-dddd00000003}</UniqueIdentifier>
    </Filter>
    <Filter Include="Logging">
      <UniqueIdentifier>{b00061fc-aaaa-bbbb-cccc-dddd00000004}</UniqueIdentifier>
    </Filter>
    <Filter Include="Math">
      <UniqueIdentifier>{b0007a7b-aaaa-bbbb-cccc-dddd00000005}</UniqueIdentifier>
    </Filter>
    <Filter Include="Particles">
      <UniqueIdentifier>{b00092fa-aaaa-bbbb-cccc-dddd00000006}</UniqueIdentifier>
    </Filter>
    <Filter Include="Physics">
      <UniqueIdentifier>{b000ab79-aaaa-bbbb-cccc-dddd00000007}</UniqueIdentifier>
    </Filter>
    <Filter Include="Rendering">
      <UniqueIdentifier>{b000c3f8-aaaa-bbbb-cccc-dddd00000008}</UniqueIdentifier>
    </Filter>
    <Filter Include="Resources">
      <UniqueIdentifier>{b000dc77-aaaa-bbbb-cccc-dddd00000009}</UniqueIdentifier>
    </Filter>
    <Filter Include="Ui">
      <UniqueIdentifier>{b000f4f6-aaaa-bbbb-cccc-dddd0000000a}</UniqueIdentifier>
    </Filter>
  </ItemGroup>
  <ItemGroup>
    <ClCompile Include="Input\AimRotationComponent.cpp">
      <Filter>Input</Filter>
    </ClCompile>
    <ClInclude Include="Input\AimRotationComponent.h">
      <Filter>Input</Filter>
    </ClInclude>
    <ClCompile Include="Animation\AnimationClip.cpp">
      <Filter>Animation</Filter>
    </ClCompile>
    <ClInclude Include="Animation\AnimationClip.h">
      <Filter>Animation</Filter>
    </ClInclude>
    <ClCompile Include="Audio\AudioComponent.cpp">
      <Filter>Audio</Filter>
    </ClCompile>
    <ClInclude Include="Audio\AudioComponent.h">
      <Filter>Audio</Filter>
    </ClInclude>
    <ClCompile Include="Physics\BoxColliderComponent.cpp">
      <Filter>Physics</Filter>
    </ClCompile>
    <ClInclude Include="Physics\BoxColliderComponent.h">
      <Filter>Physics</Filter>
    </ClInclude>
    <ClCompile Include="Rendering\CameraComponent.cpp">
      <Filter>Rendering</Filter>
    </ClCompile>
    <ClInclude Include="Rendering\CameraComponent.h">
      <Filter>Rendering</Filter>
    </ClInclude>
    <ClCompile Include="Physics\ColliderComponent.cpp">
      <Filter>Physics</Filter>
    </ClCompile>
    <ClInclude Include="Physics\ColliderComponent.h">
      <Filter>Physics</Filter>
    </ClInclude>
    <ClCompile Include="Physics\Collision.cpp">
      <Filter>Physics</Filter>
    </ClCompile>
    <ClInclude Include="Physics\Collision.h">
      <Filter>Physics</Filter>
    </ClInclude>
    <ClCompile Include="Core\Component.cpp">
      <Filter>Core</Filter>
    </ClCompile>
    <ClInclude Include="Core\Component.h">
      <Filter>Core</Filter>
    </ClInclude>
    <ClCompile Include="Logging\ConsoleSink.cpp">
      <Filter>Logging</Filter>
    </ClCompile>
    <ClInclude Include="Logging\ConsoleSink.h">
      <Filter>Logging</Filter>
    </ClInclude>
    <ClInclude Include="Core\Cooldown.h">
      <Filter>Core</Filter>
    </ClInclude>
    <ClCompile Include="Input\CursorFollowComponent.cpp">
      <Filter>Input</Filter>
    </ClCompile>
    <ClInclude Include="Input\CursorFollowComponent.h">
      <Filter>Input</Filter>
    </ClInclude>
    <ClCompile Include="Rendering\DebugDraw.cpp">
      <Filter>Rendering</Filter>
    </ClCompile>
    <ClInclude Include="Rendering\DebugDraw.h">
      <Filter>Rendering</Filter>
    </ClInclude>
    <ClCompile Include="Logging\DebugOutputSink.cpp">
      <Filter>Logging</Filter>
    </ClCompile>
    <ClInclude Include="Logging\DebugOutputSink.h">
      <Filter>Logging</Filter>
    </ClInclude>
    <ClCompile Include="Core\Engine.cpp">
      <Filter>Core</Filter>
    </ClCompile>
    <ClInclude Include="Core\Engine.h">
      <Filter>Core</Filter>
    </ClInclude>
    <ClInclude Include="Core\EventList.h">
      <Filter>Core</Filter>
    </ClInclude>
    <ClCompile Include="Logging\FileSink.cpp">
      <Filter>Logging</Filter>
    </ClCompile>
    <ClInclude Include="Logging\FileSink.h">
      <Filter>Logging</Filter>
    </ClInclude>
    <ClCompile Include="Core\FrameClock.cpp">
      <Filter>Core</Filter>
    </ClCompile>
    <ClInclude Include="Core\FrameClock.h">
      <Filter>Core</Filter>
    </ClInclude>
    <ClCompile Include="Core\GameObject.cpp">
      <Filter>Core</Filter>
    </ClCompile>
    <ClInclude Include="Core\GameObject.h">
      <Filter>Core</Filter>
    </ClInclude>
    <ClCompile Include="Core\GameWorld.cpp">
      <Filter>Core</Filter>
    </ClCompile>
    <ClInclude Include="Core\GameWorld.h">
      <Filter>Core</Filter>
    </ClInclude>
    <ClCompile Include="Input\InputComponent.cpp">
      <Filter>Input</Filter>
    </ClCompile>
    <ClInclude Include="Input\InputComponent.h">
      <Filter>Input</Filter>
    </ClInclude>
    <ClCompile Include="Input\InputSystem.cpp">
      <Filter>Input</Filter>
    </ClCompile>
    <ClInclude Include="Input\InputSystem.h">
      <Filter>Input</Filter>
    </ClInclude>
    <ClCompile Include="Logging\Logger.cpp">
      <Filter>Logging</Filter>
    </ClCompile>
    <ClInclude Include="Logging\Logger.h">
      <Filter>Logging</Filter>
    </ClInclude>
    <ClCompile Include="Logging\LoggerRegistry.cpp">
      <Filter>Logging</Filter>
    </ClCompile>
    <ClInclude Include="Logging\LoggerRegistry.h">
      <Filter>Logging</Filter>
    </ClInclude>
    <ClInclude Include="Math\MathUtils.h">
      <Filter>Math</Filter>
    </ClInclude>
    <ClCompile Include="Math\Matrix2D.cpp">
      <Filter>Math</Filter>
    </ClCompile>
    <ClInclude Include="Math\Matrix2D.h">
      <Filter>Math</Filter>
    </ClInclude>
    <ClCompile Include="Physics\MovementComponent.cpp">
      <Filter>Physics</Filter>
    </ClCompile>
    <ClInclude Include="Physics\MovementComponent.h">
      <Filter>Physics</Filter>
    </ClInclude>
    <ClCompile Include="Audio\MusicComponent.cpp">
      <Filter>Audio</Filter>
    </ClCompile>
    <ClInclude Include="Audio\MusicComponent.h">
      <Filter>Audio</Filter>
    </ClInclude>
    <ClCompile Include="Particles\ParticleAuraComponent.cpp">
      <Filter>Particles</Filter>
    </ClCompile>
    <ClInclude Include="Particles\ParticleAuraComponent.h">
      <Filter>Particles</Filter>
    </ClInclude>
    <ClCompile Include="Particles\ParticleEmitterComponent.cpp">
      <Filter>Particles</Filter>
    </ClCompile>
    <ClInclude Include="Particles\ParticleEmitterComponent.h">
      <Filter>Particles</Filter>
    </ClInclude>
    <ClInclude Include="Particles\ParticleSpec.h">
      <Filter>Particles</Filter>
    </ClInclude>
    <ClCompile Include="Particles\ParticleSystem.cpp">
      <Filter>Particles</Filter>
    </ClCompile>
    <ClInclude Include="Particles\ParticleSystem.h">
      <Filter>Particles</Filter>
    </ClInclude>
    <ClCompile Include="Particles\ParticleSystemComponent.cpp">
      <Filter>Particles</Filter>
    </ClCompile>
    <ClInclude Include="Particles\ParticleSystemComponent.h">
      <Filter>Particles</Filter>
    </ClInclude>
    <ClCompile Include="Physics\PhysicsSystem.cpp">
      <Filter>Physics</Filter>
    </ClCompile>
    <ClInclude Include="Physics\PhysicsSystem.h">
      <Filter>Physics</Filter>
    </ClInclude>
    <ClCompile Include="Rendering\PixelBounds.cpp">
      <Filter>Rendering</Filter>
    </ClCompile>
    <ClInclude Include="Rendering\PixelBounds.h">
      <Filter>Rendering</Filter>
    </ClInclude>
    <ClCompile Include="Rendering\RectangleRendererComponent.cpp">
      <Filter>Rendering</Filter>
    </ClCompile>
    <ClInclude Include="Rendering\RectangleRendererComponent.h">
      <Filter>Rendering</Filter>
    </ClInclude>
    <ClCompile Include="Rendering\RenderSystem.cpp">
      <Filter>Rendering</Filter>
    </ClCompile>
    <ClInclude Include="Rendering\RenderSystem.h">
      <Filter>Rendering</Filter>
    </ClInclude>
    <ClInclude Include="Resources\ResourceMap.h">
      <Filter>Resources</Filter>
    </ClInclude>
    <ClCompile Include="Resources\ResourceSystem.cpp">
      <Filter>Resources</Filter>
    </ClCompile>
    <ClInclude Include="Resources\ResourceSystem.h">
      <Filter>Resources</Filter>
    </ClInclude>
    <ClCompile Include="Physics\RigidbodyComponent.cpp">
      <Filter>Physics</Filter>
    </ClCompile>
    <ClInclude Include="Physics\RigidbodyComponent.h">
      <Filter>Physics</Filter>
    </ClInclude>
    <ClInclude Include="Core\Scene.h">
      <Filter>Core</Filter>
    </ClInclude>
    <ClInclude Include="Audio\SoundSourceComponent.h">
      <Filter>Audio</Filter>
    </ClInclude>
    <ClCompile Include="Animation\SpriteAnimationComponent.cpp">
      <Filter>Animation</Filter>
    </ClCompile>
    <ClInclude Include="Animation\SpriteAnimationComponent.h">
      <Filter>Animation</Filter>
    </ClInclude>
    <ClCompile Include="Animation\SpriteDirectionComponent.cpp">
      <Filter>Animation</Filter>
    </ClCompile>
    <ClInclude Include="Animation\SpriteDirectionComponent.h">
      <Filter>Animation</Filter>
    </ClInclude>
    <ClCompile Include="Animation\SpriteMovementAnimationComponent.cpp">
      <Filter>Animation</Filter>
    </ClCompile>
    <ClInclude Include="Animation\SpriteMovementAnimationComponent.h">
      <Filter>Animation</Filter>
    </ClInclude>
    <ClCompile Include="Rendering\SpriteRendererComponent.cpp">
      <Filter>Rendering</Filter>
    </ClCompile>
    <ClInclude Include="Rendering\SpriteRendererComponent.h">
      <Filter>Rendering</Filter>
    </ClInclude>
    <ClInclude Include="Core\TextUtils.h">
      <Filter>Core</Filter>
    </ClInclude>
    <ClCompile Include="Core\TransformComponent.cpp">
      <Filter>Core</Filter>
    </ClCompile>
    <ClInclude Include="Core\TransformComponent.h">
      <Filter>Core</Filter>
    </ClInclude>
    <ClCompile Include="Physics\Trigger.cpp">
      <Filter>Physics</Filter>
    </ClCompile>
    <ClInclude Include="Physics\Trigger.h">
      <Filter>Physics</Filter>
    </ClInclude>
    <ClInclude Include="Ui\UiAnchor.h">
      <Filter>Ui</Filter>
    </ClInclude>
    <ClCompile Include="Ui\UiButton.cpp">
      <Filter>Ui</Filter>
    </ClCompile>
    <ClInclude Include="Ui\UiButton.h">
      <Filter>Ui</Filter>
    </ClInclude>
    <ClCompile Include="Ui\UiIcon.cpp">
      <Filter>Ui</Filter>
    </ClCompile>
    <ClInclude Include="Ui\UiIcon.h">
      <Filter>Ui</Filter>
    </ClInclude>
    <ClCompile Include="Ui\UiLabel.cpp">
      <Filter>Ui</Filter>
    </ClCompile>
    <ClInclude Include="Ui\UiLabel.h">
      <Filter>Ui</Filter>
    </ClInclude>
    <ClCompile Include="Ui\UiManager.cpp">
      <Filter>Ui</Filter>
    </ClCompile>
    <ClInclude Include="Ui\UiManager.h">
      <Filter>Ui</Filter>
    </ClInclude>
    <ClCompile Include="Ui\UiPanel.cpp">
      <Filter>Ui</Filter>
    </ClCompile>
    <ClInclude Include="Ui\UiPanel.h">
      <Filter>Ui</Filter>
    </ClInclude>
    <ClCompile Include="Ui\UiProgressBar.cpp">
      <Filter>Ui</Filter>
    </ClCompile>
    <ClInclude Include="Ui\UiProgressBar.h">
      <Filter>Ui</Filter>
    </ClInclude>
    <ClCompile Include="Ui\UiScreen.cpp">
      <Filter>Ui</Filter>
    </ClCompile>
    <ClInclude Include="Ui\UiScreen.h">
      <Filter>Ui</Filter>
    </ClInclude>
    <ClCompile Include="Ui\UiWidget.cpp">
      <Filter>Ui</Filter>
    </ClCompile>
    <ClInclude Include="Ui\UiWidget.h">
      <Filter>Ui</Filter>
    </ClInclude>
    <ClInclude Include="Math\Vector.h">
      <Filter>Math</Filter>
    </ClInclude>
    <ClCompile Include="Rendering\VertexArrayRendererComponent.cpp">
      <Filter>Rendering</Filter>
    </ClCompile>
    <ClInclude Include="Rendering\VertexArrayRendererComponent.h">
      <Filter>Rendering</Filter>
    </ClInclude>
    <ClInclude Include="Math\randomizer.h">
      <Filter>Math</Filter>
    </ClInclude>
    <ClInclude Include="pch.h" />
    <ClInclude Include="framework.h" />
    <ClCompile Include="pch.cpp" />
  </ItemGroup>
</Project>
